// !$*UTF8*$!
{
	archiveVersion = 1;
	classes = {
	};
	objectVersion = 55;
	objects = {

/* Begin PBXBuildFile section */
		B53E5FF1288EAB570062CB0E /* StorageManagerFirebase.swift in Sources */ = {isa = PBXBuildFile; fileRef = B53E5FF0288EAB570062CB0E /* StorageManagerFirebase.swift */; };
		B57005B6288B30AC0093CA29 /* AppDelegate.swift in Sources */ = {isa = PBXBuildFile; fileRef = B57005B5288B30AC0093CA29 /* AppDelegate.swift */; };
		B57005B8288B30AC0093CA29 /* SceneDelegate.swift in Sources */ = {isa = PBXBuildFile; fileRef = B57005B7288B30AC0093CA29 /* SceneDelegate.swift */; };
		B57005BA288B30AC0093CA29 /* ViewController.swift in Sources */ = {isa = PBXBuildFile; fileRef = B57005B9288B30AC0093CA29 /* ViewController.swift */; };
		B57005BD288B30AC0093CA29 /* Main.storyboard in Resources */ = {isa = PBXBuildFile; fileRef = B57005BB288B30AC0093CA29 /* Main.storyboard */; };
		B57005BF288B30AD0093CA29 /* Assets.xcassets in Resources */ = {isa = PBXBuildFile; fileRef = B57005BE288B30AD0093CA29 /* Assets.xcassets */; };
		B57005C2288B30AD0093CA29 /* LaunchScreen.storyboard in Resources */ = {isa = PBXBuildFile; fileRef = B57005C0288B30AD0093CA29 /* LaunchScreen.storyboard */; };
		B57005CA288B30CB0093CA29 /* QuotesModel.swift in Sources */ = {isa = PBXBuildFile; fileRef = B57005C9288B30CB0093CA29 /* QuotesModel.swift */; };
		B57005CC288DCDDC0093CA29 /* GoogleService-Info.plist in Resources */ = {isa = PBXBuildFile; fileRef = B57005CB288DCDDC0093CA29 /* GoogleService-Info.plist */; };
		B5ABC1C32893CF27000EA492 /* FirebaseDatabase in Frameworks */ = {isa = PBXBuildFile; productRef = B5ABC1C22893CF27000EA492 /* FirebaseDatabase */; };
		B5ABC1C52893CF27000EA492 /* FirebaseDatabaseSwift in Frameworks */ = {isa = PBXBuildFile; productRef = B5ABC1C42893CF27000EA492 /* FirebaseDatabaseSwift */; };
		B5ABC1C82893D826000EA492 /* Снимок экрана 2022-07-29 в 11.48.12.png in Resources */ = {isa = PBXBuildFile; fileRef = B5ABC1C72893D826000EA492 /* Снимок экрана 2022-07-29 в 11.48.12.png */; };
/* End PBXBuildFile section */

/* Begin PBXFileReference section */
		B53E5FF0288EAB570062CB0E /* StorageManagerFirebase.swift */ = {isa = PBXFileReference; lastKnownFileType = sourcecode.swift; path = StorageManagerFirebase.swift; sourceTree = "<group>"; };
		B57005B2288B30AC0093CA29 /* wisdom.app */ = {isa = PBXFileReference; explicitFileType = wrapper.application; includeInIndex = 0; name = wisdom.app; path = "/Users/aleksejpoprockij/Documents/programming/Study/_alex_Pet_Projects/wisdom/build/Debug-iphoneos/wisdom.app"; sourceTree = "<absolute>"; };
		B57005B5288B30AC0093CA29 /* AppDelegate.swift */ = {isa = PBXFileReference; lastKnownFileType = sourcecode.swift; path = AppDelegate.swift; sourceTree = "<group>"; };
		B57005B7288B30AC0093CA29 /* SceneDelegate.swift */ = {isa = PBXFileReference; lastKnownFileType = sourcecode.swift; path = SceneDelegate.swift; sourceTree = "<group>"; };
		B57005B9288B30AC0093CA29 /* ViewController.swift */ = {isa = PBXFileReference; lastKnownFileType = sourcecode.swift; path = ViewController.swift; sourceTree = "<group>"; };
		B57005BC288B30AC0093CA29 /* Base */ = {isa = PBXFileReference; lastKnownFileType = file.storyboard; name = Base; path = Base.lproj/Main.storyboard; sourceTree = "<group>"; };
		B57005BE288B30AD0093CA29 /* Assets.xcassets */ = {isa = PBXFileReference; lastKnownFileType = folder.assetcatalog; path = Assets.xcassets; sourceTree = "<group>"; };
		B57005C1288B30AD0093CA29 /* Base */ = {isa = PBXFileReference; lastKnownFileType = file.storyboard; name = Base; path = Base.lproj/LaunchScreen.storyboard; sourceTree = "<group>"; };
		B57005C3288B30AD0093CA29 /* Info.plist */ = {isa = PBXFileReference; lastKnownFileType = text.plist.xml; path = Info.plist; sourceTree = "<group>"; };
		B57005C9288B30CB0093CA29 /* QuotesModel.swift */ = {isa = PBXFileReference; lastKnownFileType = sourcecode.swift; path = QuotesModel.swift; sourceTree = "<group>"; };
		B57005CB288DCDDC0093CA29 /* GoogleService-Info.plist */ = {isa = PBXFileReference; fileEncoding = 4; lastKnownFileType = text.plist.xml; path = "GoogleService-Info.plist"; sourceTree = "<group>"; };
		B5ABC1C72893D826000EA492 /* Снимок экрана 2022-07-29 в 11.48.12.png */ = {isa = PBXFileReference; lastKnownFileType = image.png; path = "Снимок экрана 2022-07-29 в 11.48.12.png"; sourceTree = "<group>"; };
/* End PBXFileReference section */

/* Begin PBXFrameworksBuildPhase section */
		B57005AF288B30AC0093CA29 /* Frameworks */ = {
			isa = PBXFrameworksBuildPhase;
			buildActionMask = 2147483647;
			files = (
				B5ABC1C52893CF27000EA492 /* FirebaseDatabaseSwift in Frameworks */,
				B5ABC1C32893CF27000EA492 /* FirebaseDatabase in Frameworks */,
			);
			runOnlyForDeploymentPostprocessing = 0;
		};
/* End PBXFrameworksBuildPhase section */

/* Begin PBXGroup section */
		B53E5FEF288EA74E0062CB0E /* Model */ = {
			isa = PBXGroup;
			children = (
				B57005C9288B30CB0093CA29 /* QuotesModel.swift */,
			);
			path = Model;
			sourceTree = "<group>";
		};
		B57005A9288B30AC0093CA29 = {
			isa = PBXGroup;
			children = (
				B57005B4288B30AC0093CA29 /* wisdom */,
			);
			sourceTree = "<group>";
		};
		B57005B4288B30AC0093CA29 /* wisdom */ = {
			isa = PBXGroup;
			children = (
				B5ABC1C62893D80D000EA492 /* screenshots */,
				B53E5FEF288EA74E0062CB0E /* Model */,
				B57005B5288B30AC0093CA29 /* AppDelegate.swift */,
				B53E5FF0288EAB570062CB0E /* StorageManagerFirebase.swift */,
				B57005B7288B30AC0093CA29 /* SceneDelegate.swift */,
				B57005B9288B30AC0093CA29 /* ViewController.swift */,
				B57005BB288B30AC0093CA29 /* Main.storyboard */,
				B57005BE288B30AD0093CA29 /* Assets.xcassets */,
				B57005C0288B30AD0093CA29 /* LaunchScreen.storyboard */,
				B57005C3288B30AD0093CA29 /* Info.plist */,
				B57005CB288DCDDC0093CA29 /* GoogleService-Info.plist */,
			);
			path = wisdom;
			sourceTree = "<group>";
		};
		B5ABC1C62893D80D000EA492 /* screenshots */ = {
			isa = PBXGroup;
			children = (
				B5ABC1C72893D826000EA492 /* Снимок экрана 2022-07-29 в 11.48.12.png */,
			);
			path = screenshots;
			sourceTree = "<group>";
		};
/* End PBXGroup section */

/* Begin PBXNativeTarget section */
		B57005B1288B30AC0093CA29 /* wisdom */ = {
			isa = PBXNativeTarget;
			buildConfigurationList = B57005C6288B30AD0093CA29 /* Build configuration list for PBXNativeTarget "wisdom" */;
			buildPhases = (
				B57005AE288B30AC0093CA29 /* Sources */,
				B57005AF288B30AC0093CA29 /* Frameworks */,
				B57005B0288B30AC0093CA29 /* Resources */,
			);
			buildRules = (
			);
			dependencies = (
			);
			name = wisdom;
			packageProductDependencies = (
				B5ABC1C22893CF27000EA492 /* FirebaseDatabase */,
				B5ABC1C42893CF27000EA492 /* FirebaseDatabaseSwift */,
			);
			productName = wisdom;
			productReference = B57005B2288B30AC0093CA29 /* wisdom.app */;
			productType = "com.apple.product-type.application";
		};
/* End PBXNativeTarget section */

/* Begin PBXProject section */
		B57005AA288B30AC0093CA29 /* Project object */ = {
			isa = PBXProject;
			attributes = {
				BuildIndependentTargetsInParallel = 1;
				LastSwiftUpdateCheck = 1320;
				LastUpgradeCheck = 1320;
				TargetAttributes = {
					B57005B1288B30AC0093CA29 = {
						CreatedOnToolsVersion = 13.2.1;
					};
				};
			};
			buildConfigurationList = B57005AD288B30AC0093CA29 /* Build configuration list for PBXProject "wisdom" */;
			compatibilityVersion = "Xcode 13.0";
			developmentRegion = en;
			hasScannedForEncodings = 0;
			knownRegions = (
				en,
				Base,
			);
			mainGroup = B57005A9288B30AC0093CA29;
			packageReferences = (
				B5ABC1C12893CF27000EA492 /* XCRemoteSwiftPackageReference "firebase-ios-sdk" */,
			);
			productRefGroup = B57005A9288B30AC0093CA29;
			projectDirPath = "";
			projectRoot = "";
			targets = (
				B57005B1288B30AC0093CA29 /* wisdom */,
			);
		};
/* End PBXProject section */

/* Begin PBXResourcesBuildPhase section */
		B57005B0288B30AC0093CA29 /* Resources */ = {
			isa = PBXResourcesBuildPhase;
			buildActionMask = 2147483647;
			files = (
				B57005C2288B30AD0093CA29 /* LaunchScreen.storyboard in Resources */,
				B5ABC1C82893D826000EA492 /* Снимок экрана 2022-07-29 в 11.48.12.png in Resources */,
				B57005CC288DCDDC0093CA29 /* GoogleService-Info.plist in Resources */,
				B57005BF288B30AD0093CA29 /* Assets.xcassets in Resources */,
				B57005BD288B30AC0093CA29 /* Main.storyboard in Resources */,
			);
			runOnlyForDeploymentPostprocessing = 0;
		};
/* End PBXResourcesBuildPhase section */

/* Begin PBXSourcesBuildPhase section */
		B57005AE288B30AC0093CA29 /* Sources */ = {
			isa = PBXSourcesBuildPhase;
			buildActionMask = 2147483647;
			files = (
				B53E5FF1288EAB570062CB0E /* StorageManagerFirebase.swift in Sources */,
				B57005CA288B30CB0093CA29 /* QuotesModel.swift in Sources */,
				B57005BA288B30AC0093CA29 /* ViewController.swift in Sources */,
				B57005B6288B30AC0093CA29 /* AppDelegate.swift in Sources */,
				B57005B8288B30AC0093CA29 /* SceneDelegate.swift in Sources */,
			);
			runOnlyForDeploymentPostprocessing = 0;
		};
/* End PBXSourcesBuildPhase section */

/* Begin PBXVariantGroup section */
		B57005BB288B30AC0093CA29 /* Main.storyboard */ = {
			isa = PBXVariantGroup;
			children = (
				B57005BC288B30AC0093CA29 /* Base */,
			);
			name = Main.storyboard;
			sourceTree = "<group>";
		};
		B57005C0288B30AD0093CA29 /* LaunchScreen.storyboard */ = {
			isa = PBXVariantGroup;
			children = (
				B57005C1288B30AD0093CA29 /* Base */,
			);
			name = LaunchScreen.storyboard;
			sourceTree = "<group>";
		};
/* End PBXVariantGroup section */

/* Begin XCBuildConfiguration section */
		B57005C4288B30AD0093CA29 /* Debug */ = {
			isa = XCBuildConfiguration;
			buildSettings = {
				ALWAYS_SEARCH_USER_PATHS = NO;
				CLANG_ANALYZER_NONNULL = YES;
				CLANG_ANALYZER_NUMBER_OBJECT_CONVERSION = YES_AGGRESSIVE;
				CLANG_CXX_LANGUAGE_STANDARD = "gnu++17";
				CLANG_CXX_LIBRARY = "libc++";
				CLANG_ENABLE_MODULES = YES;
				CLANG_ENABLE_OBJC_ARC = YES;
				CLANG_ENABLE_OBJC_WEAK = YES;
				CLANG_WARN_BLOCK_CAPTURE_AUTORELEASING = YES;
				CLANG_WARN_BOOL_CONVERSION = YES;
				CLANG_WARN_COMMA = YES;
				CLANG_WARN_CONSTANT_CONVERSION = YES;
				CLANG_WARN_DEPRECATED_OBJC_IMPLEMENTATIONS = YES;
				CLANG_WARN_DIRECT_OBJC_ISA_USAGE = YES_ERROR;
				CLANG_WARN_DOCUMENTATION_COMMENTS = YES;
				CLANG_WARN_EMPTY_BODY = YES;
				CLANG_WARN_ENUM_CONVERSION = YES;
				CLANG_WARN_INFINITE_RECURSION = YES;
				CLANG_WARN_INT_CONVERSION = YES;
				CLANG_WARN_NON_LITERAL_NULL_CONVERSION = YES;
				CLANG_WARN_OBJC_IMPLICIT_RETAIN_SELF = YES;
				CLANG_WARN_OBJC_LITERAL_CONVERSION = YES;
				CLANG_WARN_OBJC_ROOT_CLASS = YES_ERROR;
				CLANG_WARN_QUOTED_INCLUDE_IN_FRAMEWORK_HEADER = YES;
				CLANG_WARN_RANGE_LOOP_ANALYSIS = YES;
				CLANG_WARN_STRICT_PROTOTYPES = YES;
				CLANG_WARN_SUSPICIOUS_MOVE = YES;
				CLANG_WARN_UNGUARDED_AVAILABILITY = YES_AGGRESSIVE;
				CLANG_WARN_UNREACHABLE_CODE = YES;
				CLANG_WARN__DUPLICATE_METHOD_MATCH = YES;
				COPY_PHASE_STRIP = NO;
				DEBUG_INFORMATION_FORMAT = dwarf;
				ENABLE_STRICT_OBJC_MSGSEND = YES;
				ENABLE_TESTABILITY = YES;
				GCC_C_LANGUAGE_STANDARD = gnu11;
				GCC_DYNAMIC_NO_PIC = NO;
				GCC_NO_COMMON_BLOCKS = YES;
				GCC_OPTIMIZATION_LEVEL = 0;
				GCC_PREPROCESSOR_DEFINITIONS = (
					"DEBUG=1",
					"$(inherited)",
				);
				GCC_WARN_64_TO_32_BIT_CONVERSION = YES;
				GCC_WARN_ABOUT_RETURN_TYPE = YES_ERROR;
				GCC_WARN_UNDECLARED_SELECTOR = YES;
				GCC_WARN_UNINITIALIZED_AUTOS = YES_AGGRESSIVE;
				GCC_WARN_UNUSED_FUNCTION = YES;
				GCC_WARN_UNUSED_VARIABLE = YES;
				IPHONEOS_DEPLOYMENT_TARGET = 15.2;
				MTL_ENABLE_DEBUG_INFO = INCLUDE_SOURCE;
				MTL_FAST_MATH = YES;
				ONLY_ACTIVE_ARCH = YES;
				SDKROOT = iphoneos;
				SWIFT_ACTIVE_COMPILATION_CONDITIONS = DEBUG;
				SWIFT_OPTIMIZATION_LEVEL = "-Onone";
			};
			name = Debug;
		};
		B57005C5288B30AD0093CA29 /* Release */ = {
			isa = XCBuildConfiguration;
			buildSettings = {
				ALWAYS_SEARCH_USER_PATHS = NO;
				CLANG_ANALYZER_NONNULL = YES;
				CLANG_ANALYZER_NUMBER_OBJECT_CONVERSION = YES_AGGRESSIVE;
				CLANG_CXX_LANGUAGE_STANDARD = "gnu++17";
				CLANG_CXX_LIBRARY = "libc++";
				CLANG_ENABLE_MODULES = YES;
				CLANG_ENABLE_OBJC_ARC = YES;
				CLANG_ENABLE_OBJC_WEAK = YES;
				CLANG_WARN_BLOCK_CAPTURE_AUTORELEASING = YES;
				CLANG_WARN_BOOL_CONVERSION = YES;
				CLANG_WARN_COMMA = YES;
				CLANG_WARN_CONSTANT_CONVERSION = YES;
				CLANG_WARN_DEPRECATED_OBJC_IMPLEMENTATIONS = YES;
				CLANG_WARN_DIRECT_OBJC_ISA_USAGE = YES_ERROR;
				CLANG_WARN_DOCUMENTATION_COMMENTS = YES;
				CLANG_WARN_EMPTY_BODY = YES;
				CLANG_WARN_ENUM_CONVERSION = YES;
				CLANG_WARN_INFINITE_RECURSION = YES;
				CLANG_WARN_INT_CONVERSION = YES;
				CLANG_WARN_NON_LITERAL_NULL_CONVERSION = YES;
				CLANG_WARN_OBJC_IMPLICIT_RETAIN_SELF = YES;
				CLANG_WARN_OBJC_LITERAL_CONVERSION = YES;
				CLANG_WARN_OBJC_ROOT_CLASS = YES_ERROR;
				CLANG_WARN_QUOTED_INCLUDE_IN_FRAMEWORK_HEADER = YES;
				CLANG_WARN_RANGE_LOOP_ANALYSIS = YES;
				CLANG_WARN_STRICT_PROTOTYPES = YES;
				CLANG_WARN_SUSPICIOUS_MOVE = YES;
				CLANG_WARN_UNGUARDED_AVAILABILITY = YES_AGGRESSIVE;
				CLANG_WARN_UNREACHABLE_CODE = YES;
				CLANG_WARN__DUPLICATE_METHOD_MATCH = YES;
				COPY_PHASE_STRIP = NO;
				DEBUG_INFORMATION_FORMAT = "dwarf-with-dsym";
				ENABLE_NS_ASSERTIONS = NO;
				ENABLE_STRICT_OBJC_MSGSEND = YES;
				GCC_C_LANGUAGE_STANDARD = gnu11;
				GCC_NO_COMMON_BLOCKS = YES;
				GCC_WARN_64_TO_32_BIT_CONVERSION = YES;
				GCC_WARN_ABOUT_RETURN_TYPE = YES_ERROR;
				GCC_WARN_UNDECLARED_SELECTOR = YES;
				GCC_WARN_UNINITIALIZED_AUTOS = YES_AGGRESSIVE;
				GCC_WARN_UNUSED_FUNCTION = YES;
				GCC_WARN_UNUSED_VARIABLE = YES;
				IPHONEOS_DEPLOYMENT_TARGET = 15.2;
				MTL_ENABLE_DEBUG_INFO = NO;
				MTL_FAST_MATH = YES;
				SDKROOT = iphoneos;
				SWIFT_COMPILATION_MODE = wholemodule;
				SWIFT_OPTIMIZATION_LEVEL = "-O";
				VALIDATE_PRODUCT = YES;
			};
			name = Release;
		};
		B57005C7288B30AD0093CA29 /* Debug */ = {
			isa = XCBuildConfiguration;
			buildSettings = {
				ASSETCATALOG_COMPILER_APPICON_NAME = AppIcon;
				ASSETCATALOG_COMPILER_GLOBAL_ACCENT_COLOR_NAME = AccentColor;
				CODE_SIGN_STYLE = Automatic;
				CURRENT_PROJECT_VERSION = 1;
				DEVELOPMENT_TEAM = 7F2F462T64;
				GENERATE_INFOPLIST_FILE = YES;
				INFOPLIST_FILE = wisdom/Info.plist;
				INFOPLIST_KEY_UIApplicationSupportsIndirectInputEvents = YES;
				INFOPLIST_KEY_UILaunchStoryboardName = LaunchScreen;
				INFOPLIST_KEY_UIMainStoryboardFile = Main;
				INFOPLIST_KEY_UISupportedInterfaceOrientations_iPad = "UIInterfaceOrientationPortrait UIInterfaceOrientationPortraitUpsideDown UIInterfaceOrientationLandscapeLeft UIInterfaceOrientationLandscapeRight";
				INFOPLIST_KEY_UISupportedInterfaceOrientations_iPhone = "UIInterfaceOrientationPortrait UIInterfaceOrientationLandscapeLeft UIInterfaceOrientationLandscapeRight";
				IPHONEOS_DEPLOYMENT_TARGET = 15.0;
				LD_RUNPATH_SEARCH_PATHS = (
					"$(inherited)",
					"@executable_path/Frameworks",
				);
				MARKETING_VERSION = 1.0;
				PRODUCT_BUNDLE_IDENTIFIER = alexey.poprotskii.wisdom;
				PRODUCT_NAME = "$(TARGET_NAME)";
				SWIFT_EMIT_LOC_STRINGS = YES;
				SWIFT_VERSION = 5.0;
				TARGETED_DEVICE_FAMILY = "1,2";
			};
			name = Debug;
		};
		B57005C8288B30AD0093CA29 /* Release */ = {
			isa = XCBuildConfiguration;
			buildSettings = {
				ASSETCATALOG_COMPILER_APPICON_NAME = AppIcon;
				ASSETCATALOG_COMPILER_GLOBAL_ACCENT_COLOR_NAME = AccentColor;
				CODE_SIGN_STYLE = Automatic;
				CURRENT_PROJECT_VERSION = 1;
				DEVELOPMENT_TEAM = 7F2F462T64;
				GENERATE_INFOPLIST_FILE = YES;
				INFOPLIST_FILE = wisdom/Info.plist;
				INFOPLIST_KEY_UIApplicationSupportsIndirectInputEvents = YES;
				INFOPLIST_KEY_UILaunchStoryboardName = LaunchScreen;
				INFOPLIST_KEY_UIMainStoryboardFile = Main;
				INFOPLIST_KEY_UISupportedInterfaceOrientations_iPad = "UIInterfaceOrientationPortrait UIInterfaceOrientationPortraitUpsideDown UIInterfaceOrientationLandscapeLeft UIInterfaceOrientationLandscapeRight";
				INFOPLIST_KEY_UISupportedInterfaceOrientations_iPhone = "UIInterfaceOrientationPortrait UIInterfaceOrientationLandscapeLeft UIInterfaceOrientationLandscapeRight";
				IPHONEOS_DEPLOYMENT_TARGET = 15.0;
				LD_RUNPATH_SEARCH_PATHS = (
					"$(inherited)",
					"@executable_path/Frameworks",
				);
				MARKETING_VERSION = 1.0;
				PRODUCT_BUNDLE_IDENTIFIER = alexey.poprotskii.wisdom;
				PRODUCT_NAME = "$(TARGET_NAME)";
				SWIFT_EMIT_LOC_STRINGS = YES;
				SWIFT_VERSION = 5.0;
				TARGETED_DEVICE_FAMILY = "1,2";
			};
			name = Release;
		};
/* End XCBuildConfiguration section */

/* Begin XCConfigurationList section */
		B57005AD288B30AC0093CA29 /* Build configuration list for PBXProject "wisdom" */ = {
			isa = XCConfigurationList;
			buildConfigurations = (
				B57005C4288B30AD0093CA29 /* Debug */,
				B57005C5288B30AD0093CA29 /* Release */,
			);
			defaultConfigurationIsVisible = 0;
			defaultConfigurationName = Release;
		};
		B57005C6288B30AD0093CA29 /* Build configuration list for PBXNativeTarget "wisdom" */ = {
			isa = XCConfigurationList;
			buildConfigurations = (
				B57005C7288B30AD0093CA29 /* Debug */,
				B57005C8288B30AD0093CA29 /* Release */,
			);
			defaultConfigurationIsVisible = 0;
			defaultConfigurationName = Release;
		};
/* End XCConfigurationList section */

/* Begin XCRemoteSwiftPackageReference section */
		B5ABC1C12893CF27000EA492 /* XCRemoteSwiftPackageReference "firebase-ios-sdk" */ = {
			isa = XCRemoteSwiftPackageReference;
			repositoryURL = "https://github.com/firebase/firebase-ios-sdk.git";
			requirement = {
				kind = upToNextMajorVersion;
				minimumVersion = 9.0.0;
			};
		};
/* End XCRemoteSwiftPackageReference section */

/* Begin XCSwiftPackageProductDependency section */
		B5ABC1C22893CF27000EA492 /* FirebaseDatabase */ = {
			isa = XCSwiftPackageProductDependency;
			package = B5ABC1C12893CF27000EA492 /* XCRemoteSwiftPackageReference "firebase-ios-sdk" */;
			productName = FirebaseDatabase;
		};
		B5ABC1C42893CF27000EA492 /* FirebaseDatabaseSwift */ = {
			isa = XCSwiftPackageProductDependency;
			package = B5ABC1C12893CF27000EA492 /* XCRemoteSwiftPackageReference "firebase-ios-sdk" */;
			productName = FirebaseDatabaseSwift;
		};
/* End XCSwiftPackageProductDependency section */
	};
	rootObject = B57005AA288B30AC0093CA29 /* Project object */;
}
